
Microsoft Visual Studio Solution File, Format Version 11.00
# Visual C++ Express 2010
Project("{8BC9CEB8-8B4A-11D0-8D11-00A0C91BC942}") = "ashes", "ashes.vcxproj", "{BC1C27C9-BA46-B7D2-2BD0-DE8B1DA60D63}"
EndProject
Global
	GlobalSection(SolutionConfigurationPlatforms) = preSolution
		Debug|Win32 = Debug|Win32
		Release|Win32 = Release|Win32
	EndGlobalSection
	GlobalSection(ProjectConfigurationPlatforms) = postSolution
		{BC1C27C9-BA46-B7D2-2BD0-DE8B1DA60D63}.Debug|Win32.ActiveCfg = Debug|Win32
		{BC1C27C9-BA46-B7D2-2BD0-DE8B1DA60D63}.Debug|Win32.Build.0 = Debug|Win32
		{BC1C27C9-BA46-B7D2-2BD0-DE8B1DA60D63}.Release|Win32.ActiveCfg = Release|Win32
		{BC1C27C9-BA46-B7D2-2BD0-DE8B1DA60D63}.Release|Win32.Build.0 = Release|Win32
	EndGlobalSection
	GlobalSection(SolutionProperties) = preSolution
		HideSolutionNode = FALSE
	EndGlobalSection
EndGlobal
